
Microsoft Visual Studio Solution File, Format Version 12.00
# Visual Studio Version 17
VisualStudioVersion = 17.13.35931.197
MinimumVisualStudioVersion = 10.0.40219.1
Project("{2150E333-8FDC-42A3-9474-1A3956D46DE8}") = "Services", "Services", "{02EA681E-C7D8-13C7-8484-4AC65E1B71E8}"
EndProject
Project("{2150E333-8FDC-42A3-9474-1A3956D46DE8}") = "Catalog", "Catalog", "{CBB7D5F9-1806-4233-8473-8DAC1A5F036B}"
EndProject
Project("{FAE04EC0-301F-11D3-BF4B-00C04F79EFBC}") = "Catalog.API", "Services\Catalog\Catalog.API\Catalog.API.csproj", "{047B573F-4D14-402B-B797-5212526ABACB}"
EndProject
Project("{2150E333-8FDC-42A3-9474-1A3956D46DE8}") = "BuildingBlocks", "BuildingBlocks", "{BD42B1CC-B340-456D-8D42-F20E63FE273E}"
EndProject
Project("{FAE04EC0-301F-11D3-BF4B-00C04F79EFBC}") = "BuildingBlocks", "BuildingBlocks\BuildingBlocks\BuildingBlocks.csproj", "{5C0EF03A-0174-440C-AE33-846B46C94857}"
EndProject
Project("{E53339B2-1760-4266-BCC7-CA923CBCF16C}") = "docker-compose", "docker-compose.dcproj", "{81DDED9D-158B-E303-5F62-77A2896D2A5A}"
EndProject
Project("{2150E333-8FDC-42A3-9474-1A3956D46DE8}") = "Basket", "Basket", "{5ECBA758-EA1D-4968-A866-41311FE99942}"
EndProject
Project("{FAE04EC0-301F-11D3-BF4B-00C04F79EFBC}") = "Basket.API", "Services\Basket\Basket.API\Basket.API.csproj", "{2BE40A15-76D8-4940-897B-7D6B42CAFD62}"
EndProject
Project("{2150E333-8FDC-42A3-9474-1A3956D46DE8}") = "Discount", "Discount", "{9379A78A-94FC-4509-9A58-47A850BE2186}"
EndProject
Project("{FAE04EC0-301F-11D3-BF4B-00C04F79EFBC}") = "Discount.Grpc", "Services\Discount\Discount.Grpc\Discount.Grpc.csproj", "{87BABE3E-162A-474C-955B-FA524D0BB45A}"
EndProject
Project("{2150E333-8FDC-42A3-9474-1A3956D46DE8}") = "Ordering", "Ordering", "{E48592C0-C57D-44F8-98D6-52C89E36D7B5}"
EndProject
Project("{FAE04EC0-301F-11D3-BF4B-00C04F79EFBC}") = "Ordering.API", "Services\Ordering\Ordering.API\Ordering.API.csproj", "{8C235A0B-BE2A-4F31-B59F-9912F6664D4E}"
EndProject
Project("{FAE04EC0-301F-11D3-BF4B-00C04F79EFBC}") = "Ordering.Application", "Services\Ordering\Ordering.Application\Ordering.Application.csproj", "{17A37081-1F92-495B-B3C3-8990E5569846}"
EndProject
Project("{FAE04EC0-301F-11D3-BF4B-00C04F79EFBC}") = "Ordering.Domain", "Services\Ordering\Ordering.Domain\Ordering.Domain.csproj", "{067D7ECB-84CD-40F3-A560-FB66D199BCF1}"
EndProject
Project("{FAE04EC0-301F-11D3-BF4B-00C04F79EFBC}") = "Ordering.Infrastructure", "Services\Ordering\Ordering.Infrastructure\Ordering.Infrastructure.csproj", "{D256558F-AC7F-4257-99C1-E5C5900A7985}"
EndProject
Project("{FAE04EC0-301F-11D3-BF4B-00C04F79EFBC}") = "BuildingBlocks.Messaging", "BuildingBlocks\BuildingBlocks.Messaging\BuildingBlocks.Messaging.csproj", "{68E84D05-CC08-4B0D-BCEE-B5136357A3C1}"
EndProject
Global
	GlobalSection(SolutionConfigurationPlatforms) = preSolution
		Debug|Any CPU = Debug|Any CPU
		Release|Any CPU = Release|Any CPU
	EndGlobalSection
	GlobalSection(ProjectConfigurationPlatforms) = postSolution
		{047B573F-4D14-402B-B797-5212526ABACB}.Debug|Any CPU.ActiveCfg = Debug|Any CPU
		{047B573F-4D14-402B-B797-5212526ABACB}.Debug|Any CPU.Build.0 = Debug|Any CPU
		{047B573F-4D14-402B-B797-5212526ABACB}.Release|Any CPU.ActiveCfg = Release|Any CPU
		{047B573F-4D14-402B-B797-5212526ABACB}.Release|Any CPU.Build.0 = Release|Any CPU
		{5C0EF03A-0174-440C-AE33-846B46C94857}.Debug|Any CPU.ActiveCfg = Debug|Any CPU
		{5C0EF03A-0174-440C-AE33-846B46C94857}.Debug|Any CPU.Build.0 = Debug|Any CPU
		{5C0EF03A-0174-440C-AE33-846B46C94857}.Release|Any CPU.ActiveCfg = Release|Any CPU
		{5C0EF03A-0174-440C-AE33-846B46C94857}.Release|Any CPU.Build.0 = Release|Any CPU
		{81DDED9D-158B-E303-5F62-77A2896D2A5A}.Debug|Any CPU.ActiveCfg = Debug|Any CPU
		{81DDED9D-158B-E303-5F62-77A2896D2A5A}.Debug|Any CPU.Build.0 = Debug|Any CPU
		{81DDED9D-158B-E303-5F62-77A2896D2A5A}.Release|Any CPU.ActiveCfg = Release|Any CPU
		{81DDED9D-158B-E303-5F62-77A2896D2A5A}.Release|Any CPU.Build.0 = Release|Any CPU
		{2BE40A15-76D8-4940-897B-7D6B42CAFD62}.Debug|Any CPU.ActiveCfg = Debug|Any CPU
		{2BE40A15-76D8-4940-897B-7D6B42CAFD62}.Debug|Any CPU.Build.0 = Debug|Any CPU
		{2BE40A15-76D8-4940-897B-7D6B42CAFD62}.Release|Any CPU.ActiveCfg = Release|Any CPU
		{2BE40A15-76D8-4940-897B-7D6B42CAFD62}.Release|Any CPU.Build.0 = Release|Any CPU
		{87BABE3E-162A-474C-955B-FA524D0BB45A}.Debug|Any CPU.ActiveCfg = Debug|Any CPU
		{87BABE3E-162A-474C-955B-FA524D0BB45A}.Debug|Any CPU.Build.0 = Debug|Any CPU
		{87BABE3E-162A-474C-955B-FA524D0BB45A}.Release|Any CPU.ActiveCfg = Release|Any CPU
		{87BABE3E-162A-474C-955B-FA524D0BB45A}.Release|Any CPU.Build.0 = Release|Any CPU
		{8C235A0B-BE2A-4F31-B59F-9912F6664D4E}.Debug|Any CPU.ActiveCfg = Debug|Any CPU
		{8C235A0B-BE2A-4F31-B59F-9912F6664D4E}.Debug|Any CPU.Build.0 = Debug|Any CPU
		{8C235A0B-BE2A-4F31-B59F-9912F6664D4E}.Release|Any CPU.ActiveCfg = Release|Any CPU
		{8C235A0B-BE2A-4F31-B59F-9912F6664D4E}.Release|Any CPU.Build.0 = Release|Any CPU
		{17A37081-1F92-495B-B3C3-8990E5569846}.Debug|Any CPU.ActiveCfg = Debug|Any CPU
		{17A37081-1F92-495B-B3C3-8990E5569846}.Debug|Any CPU.Build.0 = Debug|Any CPU
		{17A37081-1F92-495B-B3C3-8990E5569846}.Release|Any CPU.ActiveCfg = Release|Any CPU
		{17A37081-1F92-495B-B3C3-8990E5569846}.Release|Any CPU.Build.0 = Release|Any CPU
		{067D7ECB-84CD-40F3-A560-FB66D199BCF1}.Debug|Any CPU.ActiveCfg = Debug|Any CPU
		{067D7ECB-84CD-40F3-A560-FB66D199BCF1}.Debug|Any CPU.Build.0 = Debug|Any CPU
		{067D7ECB-84CD-40F3-A560-FB66D199BCF1}.Release|Any CPU.ActiveCfg = Release|Any CPU
		{067D7ECB-84CD-40F3-A560-FB66D199BCF1}.Release|Any CPU.Build.0 = Release|Any CPU
		{D256558F-AC7F-4257-99C1-E5C5900A7985}.Debug|Any CPU.ActiveCfg = Debug|Any CPU
		{D256558F-AC7F-4257-99C1-E5C5900A7985}.Debug|Any CPU.Build.0 = Debug|Any CPU
		{D256558F-AC7F-4257-99C1-E5C5900A7985}.Release|Any CPU.ActiveCfg = Release|Any CPU
		{D256558F-AC7F-4257-99C1-E5C5900A7985}.Release|Any CPU.Build.0 = Release|Any CPU
		{68E84D05-CC08-4B0D-BCEE-B5136357A3C1}.Debug|Any CPU.ActiveCfg = Debug|Any CPU
		{68E84D05-CC08-4B0D-BCEE-B5136357A3C1}.Debug|Any CPU.Build.0 = Debug|Any CPU
		{68E84D05-CC08-4B0D-BCEE-B5136357A3C1}.Release|Any CPU.ActiveCfg = Release|Any CPU
		{68E84D05-CC08-4B0D-BCEE-B5136357A3C1}.Release|Any CPU.Build.0 = Release|Any CPU
	EndGlobalSection
	GlobalSection(SolutionProperties) = preSolution
		HideSolutionNode = FALSE
	EndGlobalSection
	GlobalSection(NestedProjects) = preSolution
		{CBB7D5F9-1806-4233-8473-8DAC1A5F036B} = {02EA681E-C7D8-13C7-8484-4AC65E1B71E8}
		{047B573F-4D14-402B-B797-5212526ABACB} = {CBB7D5F9-1806-4233-8473-8DAC1A5F036B}
		{5C0EF03A-0174-440C-AE33-846B46C94857} = {BD42B1CC-B340-456D-8D42-F20E63FE273E}
		{5ECBA758-EA1D-4968-A866-41311FE99942} = {02EA681E-C7D8-13C7-8484-4AC65E1B71E8}
		{2BE40A15-76D8-4940-897B-7D6B42CAFD62} = {5ECBA758-EA1D-4968-A866-41311FE99942}
		{9379A78A-94FC-4509-9A58-47A850BE2186} = {02EA681E-C7D8-13C7-8484-4AC65E1B71E8}
		{87BABE3E-162A-474C-955B-FA524D0BB45A} = {9379A78A-94FC-4509-9A58-47A850BE2186}
		{E48592C0-C57D-44F8-98D6-52C89E36D7B5} = {02EA681E-C7D8-13C7-8484-4AC65E1B71E8}
		{8C235A0B-BE2A-4F31-B59F-9912F6664D4E} = {E48592C0-C57D-44F8-98D6-52C89E36D7B5}
		{17A37081-1F92-495B-B3C3-8990E5569846} = {E48592C0-C57D-44F8-98D6-52C89E36D7B5}
		{067D7ECB-84CD-40F3-A560-FB66D199BCF1} = {E48592C0-C57D-44F8-98D6-52C89E36D7B5}
		{D256558F-AC7F-4257-99C1-E5C5900A7985} = {E48592C0-C57D-44F8-98D6-52C89E36D7B5}
		{68E84D05-CC08-4B0D-BCEE-B5136357A3C1} = {BD42B1CC-B340-456D-8D42-F20E63FE273E}
	EndGlobalSection
	GlobalSection(ExtensibilityGlobals) = postSolution
		SolutionGuid = {4BCD2B66-F631-4822-92DF-51A94C79661B}
	EndGlobalSection
EndGlobal
